{
  "name": "plugin-waze",
  "lockfileVersion": 2,
  "requires": true,
  "packages": {
    "": {
      "dependencies": {
        "waze-route-calculator": "https://github.com/smartmirror-one/waze-route-calculator"
      }
    },
    "node_modules/waze-route-calculator": {
      "name": "@smartmirror.one/waze-route-calculator",
      "resolved": "git+ssh://git@github.com/smartmirror-one/waze-route-calculator.git#736e158d8c90debb7b8982457131e1fe5ae07119"
    }
  },
  "dependencies": {
    "waze-route-calculator": {
      "version": "git+ssh://git@github.com/smartmirror-one/waze-route-calculator.git#736e158d8c90debb7b8982457131e1fe5ae07119",
      "from": "waze-route-calculator@https://github.com/smartmirror-one/waze-route-calculator"
    }
  }
}
